# THIS IS AN AUTOGENERATED FILE. DO NOT EDIT THIS FILE DIRECTLY.
# yarn lockfile v1


"@babel/runtime-corejs2@^7.10.3", "@babel/runtime-corejs2@^7.3.1":
  version "7.12.1"
  resolved "https://registry.npm.taobao.org/@babel/runtime-corejs2/download/@babel/runtime-corejs2-7.12.1.tgz?cache=0&sync_timestamp=1602802633020&other_urls=https%3A%2F%2Fregistry.npm.taobao.org%2F%40babel%2Fruntime-corejs2%2Fdownload%2F%40babel%2Fruntime-corejs2-7.12.1.tgz#494ce3ad84e92b5868b5437af65af6a0eb737da3"
  integrity sha1-SUzjrYTpK1hotUN69lr2oOtzfaM=
  dependencies:
    core-js "^2.6.5"
    regenerator-runtime "^0.13.4"

"@babel/runtime@^7.12.1":
  version "7.12.1"
  resolved "https://registry.npm.taobao.org/@babel/runtime/download/@babel/runtime-7.12.1.tgz?cache=0&sync_timestamp=1602800379413&other_urls=https%3A%2F%2Fregistry.npm.taobao.org%2F%40babel%2Fruntime%2Fdownload%2F%40babel%2Fruntime-7.12.1.tgz#b4116a6b6711d010b2dad3b7b6e43bf1b9954740"
  integrity sha1-tBFqa2cR0BCy2tO3tuQ78bmVR0A=
  dependencies:
    regenerator-runtime "^0.13.4"

"@polkadot/api-derive@^2.4.1":
  version "2.4.1"
  resolved "https://registry.npm.taobao.org/@polkadot/api-derive/download/@polkadot/api-derive-2.4.1.tgz#b5a3ee0910d735722e9836ec9b13df17059ca3e3"
  integrity sha1-taPuCRDXNXIumDbsmxPfFwWco+M=
  dependencies:
    "@babel/runtime" "^7.12.1"
    "@polkadot/api" "^2.4.1"
    "@polkadot/rpc-core" "^2.4.1"
    "@polkadot/rpc-provider" "^2.4.1"
    "@polkadot/types" "^2.4.1"
    "@polkadot/util" "^3.6.1"
    "@polkadot/util-crypto" "^3.6.1"
    bn.js "^5.1.3"
    memoizee "^0.4.14"
    rxjs "^6.6.3"

"@polkadot/api@^2.4.1":
  version "2.4.1"
  resolved "https://registry.npm.taobao.org/@polkadot/api/download/@polkadot/api-2.4.1.tgz#4c7e9b87ee855cc7d273f4a9887d66f50aef7b83"
  integrity sha1-TH6bh+6FXMfSc/SpiH1m9Qrve4M=
  dependencies:
    "@babel/runtime" "^7.12.1"
    "@polkadot/api-derive" "^2.4.1"
    "@polkadot/keyring" "^3.6.1"
    "@polkadot/metadata" "^2.4.1"
    "@polkadot/rpc-core" "^2.4.1"
    "@polkadot/rpc-provider" "^2.4.1"
    "@polkadot/types" "^2.4.1"
    "@polkadot/types-known" "^2.4.1"
    "@polkadot/util" "^3.6.1"
    "@polkadot/util-crypto" "^3.6.1"
    bn.js "^5.1.3"
    eventemitter3 "^4.0.7"
    rxjs "^6.6.3"

"@polkadot/keyring@^3.6.1":
  version "3.7.1"
  resolved "https://registry.npm.taobao.org/@polkadot/keyring/download/@polkadot/keyring-3.7.1.tgz#91c17ed9824d6ed3f909ab43565f8e34bfbe321c"
  integrity sha1-kcF+2YJNbtP5CatDVl+ONL++Mhw=
  dependencies:
    "@babel/runtime" "^7.12.1"
    "@polkadot/util" "^3.7.1"
    "@polkadot/util-crypto" "^3.7.1"

"@polkadot/metadata@^2.4.1":
  version "2.4.1"
  resolved "https://registry.npm.taobao.org/@polkadot/metadata/download/@polkadot/metadata-2.4.1.tgz#6530302e5ee4e21a07205b9e329318ae831600f1"
  integrity sha1-ZTAwLl7k4hoHIFueMpMYroMWAPE=
  dependencies:
    "@babel/runtime" "^7.12.1"
    "@polkadot/types" "^2.4.1"
    "@polkadot/types-known" "^2.4.1"
    "@polkadot/util" "^3.6.1"
    "@polkadot/util-crypto" "^3.6.1"
    bn.js "^5.1.3"

"@polkadot/metadata@^2.4.2-13":
  version "2.4.2-20"
  resolved "https://registry.npm.taobao.org/@polkadot/metadata/download/@polkadot/metadata-2.4.2-20.tgz#8e8092e5df1dd06f506ea48e8902eb999d40e52d"
  integrity sha1-joCS5d8d0G9QbqSOiQLrmZ1A5S0=
  dependencies:
    "@babel/runtime" "^7.12.1"
    "@polkadot/types" "^2.4.2-20"
    "@polkadot/types-known" "^2.4.2-20"
    "@polkadot/util" "^3.6.2-12"
    "@polkadot/util-crypto" "^3.6.2-12"
    bn.js "^5.1.3"

"@polkadot/networks@^3.7.1":
  version "3.7.1"
  resolved "https://registry.npm.taobao.org/@polkadot/networks/download/@polkadot/networks-3.7.1.tgz#01e568e0f7791c22eb896ffabc23e936ede57c43"
  integrity sha1-AeVo4Pd5HCLriW/6vCPpNu3lfEM=
  dependencies:
    "@babel/runtime" "^7.12.1"

"@polkadot/rpc-core@^2.4.1":
  version "2.4.1"
  resolved "https://registry.npm.taobao.org/@polkadot/rpc-core/download/@polkadot/rpc-core-2.4.1.tgz#c2f609322678caba738f914c0d0b7bcd6aa2d6a6"
  integrity sha1-wvYJMiZ4yrpzj5FMDQt7zWqi1qY=
  dependencies:
    "@babel/runtime" "^7.12.1"
    "@polkadot/metadata" "^2.4.1"
    "@polkadot/rpc-provider" "^2.4.1"
    "@polkadot/types" "^2.4.1"
    "@polkadot/util" "^3.6.1"
    memoizee "^0.4.14"
    rxjs "^6.6.3"

"@polkadot/rpc-provider@^2.4.1":
  version "2.4.1"
  resolved "https://registry.npm.taobao.org/@polkadot/rpc-provider/download/@polkadot/rpc-provider-2.4.1.tgz#841cc272ad4a7ac9ce268d056a8409bf6df85f76"
  integrity sha1-hBzCcq1KesnOJo0FaoQJv234X3Y=
  dependencies:
    "@babel/runtime" "^7.12.1"
    "@polkadot/metadata" "^2.4.1"
    "@polkadot/types" "^2.4.1"
    "@polkadot/util" "^3.6.1"
    "@polkadot/util-crypto" "^3.6.1"
    "@polkadot/x-fetch" "^0.3.4"
    "@polkadot/x-ws" "^0.3.4"
    bn.js "^5.1.3"
    eventemitter3 "^4.0.7"

"@polkadot/types-known@^2.4.1", "@polkadot/types-known@^2.4.2-20":
  version "2.5.1"
  resolved "https://registry.npm.taobao.org/@polkadot/types-known/download/@polkadot/types-known-2.5.1.tgz#debcd946975770aa28bf6f99d57ad64608848e41"
  integrity sha1-3rzZRpdXcKoov2+Z1XrWRgiEjkE=
  dependencies:
    "@babel/runtime" "^7.12.1"
    "@polkadot/types" "^2.5.1"
    "@polkadot/util" "^3.7.1"
    bn.js "^5.1.3"

"@polkadot/types@^2.4.1":
  version "2.4.1"
  resolved "https://registry.npm.taobao.org/@polkadot/types/download/@polkadot/types-2.4.1.tgz#8f47dc92a25a7ddb6378c5bee004a5a6590483da"
  integrity sha1-j0fckqJafdtjeMW+4ASlplkEg9o=
  dependencies:
    "@babel/runtime" "^7.12.1"
    "@polkadot/metadata" "^2.4.1"
    "@polkadot/util" "^3.6.1"
    "@polkadot/util-crypto" "^3.6.1"
    "@types/bn.js" "^4.11.6"
    bn.js "^5.1.3"
    memoizee "^0.4.14"
    rxjs "^6.6.3"

"@polkadot/types@^2.4.2-20", "@polkadot/types@^2.5.1":
  version "2.4.2-13"
  resolved "https://registry.npm.taobao.org/@polkadot/types/download/@polkadot/types-2.4.2-13.tgz#25fdbe2063f2706d437ce218b4e11c870e22ed55"
  integrity sha1-Jf2+IGPycG1DfOIYtOEchw4i7VU=
  dependencies:
    "@babel/runtime" "^7.12.1"
    "@polkadot/metadata" "^2.4.2-13"
    "@polkadot/util" "^3.6.2-10"
    "@polkadot/util-crypto" "^3.6.2-10"
    "@types/bn.js" "^4.11.6"
    bn.js "^5.1.3"
    memoizee "^0.4.14"
    rxjs "^6.6.3"

"@polkadot/util-crypto@^3.6.1", "@polkadot/util-crypto@^3.6.2-10", "@polkadot/util-crypto@^3.6.2-12", "@polkadot/util-crypto@^3.7.1":
  version "3.7.1"
  resolved "https://registry.npm.taobao.org/@polkadot/util-crypto/download/@polkadot/util-crypto-3.7.1.tgz#69e1cca5adc521cf0880b244dc1ae0d086c42e4c"
  integrity sha1-aeHMpa3FIc8IgLJE3Brg0IbELkw=
  dependencies:
    "@babel/runtime" "^7.12.1"
    "@polkadot/networks" "^3.7.1"
    "@polkadot/util" "^3.7.1"
    "@polkadot/wasm-crypto" "^1.4.1"
    base-x "^3.0.8"
    blakejs "^1.1.0"
    bn.js "^5.1.3"
    create-hash "^1.2.0"
    elliptic "^6.5.3"
    js-sha3 "^0.8.0"
    pbkdf2 "^3.1.1"
    scryptsy "^2.1.0"
    tweetnacl "^1.0.3"
    xxhashjs "^0.2.2"

"@polkadot/util@^3.6.1", "@polkadot/util@^3.6.2-10", "@polkadot/util@^3.6.2-12", "@polkadot/util@^3.7.1":
  version "3.7.1"
  resolved "https://registry.npm.taobao.org/@polkadot/util/download/@polkadot/util-3.7.1.tgz#b7585380a6177814f7e28dc2165814864ef2c67b"
  integrity sha1-t1hTgKYXeBT34o3CFlgUhk7yxns=
  dependencies:
    "@babel/runtime" "^7.12.1"
    "@polkadot/x-textdecoder" "^3.7.1"
    "@polkadot/x-textencoder" "^3.7.1"
    "@types/bn.js" "^4.11.6"
    bn.js "^5.1.3"
    camelcase "^5.3.1"
    ip-regex "^4.2.0"

"@polkadot/wasm-crypto@^1.4.1":
  version "1.4.1"
  resolved "https://registry.npm.taobao.org/@polkadot/wasm-crypto/download/@polkadot/wasm-crypto-1.4.1.tgz#0a053d0c2587da30fb5313cef81f8d9a52029c68"
  integrity sha1-CgU9DCWH2jD7UxPO+B+NmlICnGg=

"@polkadot/x-fetch@^0.3.4":
  version "0.3.6"
  resolved "https://registry.npm.taobao.org/@polkadot/x-fetch/download/@polkadot/x-fetch-0.3.6.tgz#9337af9fc7254dbf1aa27f76dde96f1f1725999f"
  integrity sha1-kzevn8clTb8aon923elvHxclmZ8=
  dependencies:
    "@babel/runtime" "^7.12.1"
    "@types/node-fetch" "^2.5.7"
    node-fetch "^2.6.1"

"@polkadot/x-textdecoder@^3.7.1":
  version "3.7.1"
  resolved "https://registry.npm.taobao.org/@polkadot/x-textdecoder/download/@polkadot/x-textdecoder-3.7.1.tgz#2d02bd33df0e5d4818b8d96892a5c8290e967573"
  integrity sha1-LQK9M98OXUgYuNlokqXIKQ6WdXM=
  dependencies:
    "@babel/runtime" "^7.12.1"

"@polkadot/x-textencoder@^3.7.1":
  version "3.7.1"
  resolved "https://registry.npm.taobao.org/@polkadot/x-textencoder/download/@polkadot/x-textencoder-3.7.1.tgz#1fe1884821f255565735b1b5dbb17ee61de51fa3"
  integrity sha1-H+GISCHyVVZXNbG127F+5h3lH6M=
  dependencies:
    "@babel/runtime" "^7.12.1"

"@polkadot/x-ws@^0.3.4":
  version "0.3.6"
  resolved "https://registry.npm.taobao.org/@polkadot/x-ws/download/@polkadot/x-ws-0.3.6.tgz#372bbd9183d4ac34fd2853607fc088e9379df7da"
  integrity sha1-Nyu9kYPUrDT9KFNgf8CI6Ted99o=
  dependencies:
    "@babel/runtime" "^7.12.1"
    "@types/websocket" "^1.0.1"
    websocket "^1.0.32"

"@types/bn.js@^4.11.6":
  version "4.11.6"
  resolved "https://registry.npm.taobao.org/@types/bn.js/download/@types/bn.js-4.11.6.tgz#c306c70d9358aaea33cd4eda092a742b9505967c"
  integrity sha1-wwbHDZNYquozzU7aCSp0K5UFlnw=
  dependencies:
    "@types/node" "*"

"@types/node-fetch@^2.5.7":
  version "2.5.7"
  resolved "https://registry.npm.taobao.org/@types/node-fetch/download/@types/node-fetch-2.5.7.tgz#20a2afffa882ab04d44ca786449a276f9f6bbf3c"
  integrity sha1-IKKv/6iCqwTUTKeGRJonb59rvzw=
  dependencies:
    "@types/node" "*"
    form-data "^3.0.0"

"@types/node@*":
  version "14.14.6"
  resolved "https://registry.npm.taobao.org/@types/node/download/@types/node-14.14.6.tgz?cache=0&sync_timestamp=1603910871074&other_urls=https%3A%2F%2Fregistry.npm.taobao.org%2F%40types%2Fnode%2Fdownload%2F%40types%2Fnode-14.14.6.tgz#146d3da57b3c636cc0d1769396ce1cfa8991147f"
  integrity sha1-FG09pXs8Y2zA0XaTls4c+omRFH8=

"@types/websocket@^1.0.1":
  version "1.0.1"
  resolved "https://registry.npm.taobao.org/@types/websocket/download/@types/websocket-1.0.1.tgz#039272c196c2c0e4868a0d8a1a27bbb86e9e9138"
  integrity sha1-A5JywZbCwOSGig2KGie7uG6ekTg=
  dependencies:
    "@types/node" "*"

asynckit@^0.4.0:
  version "0.4.0"
  resolved "https://registry.npm.taobao.org/asynckit/download/asynckit-0.4.0.tgz#c79ed97f7f34cb8f2ba1bc9790bcc366474b4b79"
  integrity sha1-x57Zf380y48robyXkLzDZkdLS3k=

base-x@^3.0.8:
  version "3.0.8"
  resolved "https://registry.npm.taobao.org/base-x/download/base-x-3.0.8.tgz#1e1106c2537f0162e8b52474a557ebb09000018d"
  integrity sha1-HhEGwlN/AWLotSR0pVfrsJAAAY0=
  dependencies:
    safe-buffer "^5.0.1"

blakejs@^1.1.0:
  version "1.1.0"
  resolved "https://registry.npm.taobao.org/blakejs/download/blakejs-1.1.0.tgz#69df92ef953aa88ca51a32df6ab1c54a155fc7a5"
  integrity sha1-ad+S75U6qIylGjLfarHFShVfx6U=

bn.js@^4.4.0:
  version "4.11.9"
  resolved "https://registry.npm.taobao.org/bn.js/download/bn.js-4.11.9.tgz#26d556829458f9d1e81fc48952493d0ba3507828"
  integrity sha1-JtVWgpRY+dHoH8SJUkk9C6NQeCg=

bn.js@^5.1.3:
  version "5.1.3"
  resolved "https://registry.npm.taobao.org/bn.js/download/bn.js-5.1.3.tgz#beca005408f642ebebea80b042b4d18d2ac0ee6b"
  integrity sha1-vsoAVAj2Quvr6oCwQrTRjSrA7ms=

brorand@^1.0.1:
  version "1.1.0"
  resolved "https://registry.npm.taobao.org/brorand/download/brorand-1.1.0.tgz#12c25efe40a45e3c323eb8675a0a0ce57b22371f"
  integrity sha1-EsJe/kCkXjwyPrhnWgoM5XsiNx8=

bufferutil@^4.0.1:
  version "4.0.2"
  resolved "https://registry.npm.taobao.org/bufferutil/download/bufferutil-4.0.2.tgz#79f68631910f6b993d870fc77dc0a2894eb96cd5"
  integrity sha1-efaGMZEPa5k9hw/HfcCiiU65bNU=
  dependencies:
    node-gyp-build "^4.2.0"

camelcase@^5.3.1:
  version "5.3.1"
  resolved "https://registry.npm.taobao.org/camelcase/download/camelcase-5.3.1.tgz?cache=0&sync_timestamp=1603921884289&other_urls=https%3A%2F%2Fregistry.npm.taobao.org%2Fcamelcase%2Fdownload%2Fcamelcase-5.3.1.tgz#e3c9b31569e106811df242f715725a1f4c494320"
  integrity sha1-48mzFWnhBoEd8kL3FXJaH0xJQyA=

cipher-base@^1.0.1, cipher-base@^1.0.3:
  version "1.0.4"
  resolved "https://registry.npm.taobao.org/cipher-base/download/cipher-base-1.0.4.tgz#8760e4ecc272f4c363532f926d874aae2c1397de"
  integrity sha1-h2Dk7MJy9MNjUy+SbYdKriwTl94=
  dependencies:
    inherits "^2.0.1"
    safe-buffer "^5.0.1"

combined-stream@^1.0.8:
  version "1.0.8"
  resolved "https://registry.npm.taobao.org/combined-stream/download/combined-stream-1.0.8.tgz#c3d45a8b34fd730631a110a8a2520682b31d5a7f"
  integrity sha1-w9RaizT9cwYxoRCoolIGgrMdWn8=
  dependencies:
    delayed-stream "~1.0.0"

core-js@^2.6.5:
  version "2.6.11"
  resolved "https://registry.npm.taobao.org/core-js/download/core-js-2.6.11.tgz?cache=0&sync_timestamp=1593529670544&other_urls=https%3A%2F%2Fregistry.npm.taobao.org%2Fcore-js%2Fdownload%2Fcore-js-2.6.11.tgz#38831469f9922bded8ee21c9dc46985e0399308c"
  integrity sha1-OIMUafmSK97Y7iHJ3EaYXgOZMIw=

create-hash@^1.1.0, create-hash@^1.1.2, create-hash@^1.2.0:
  version "1.2.0"
  resolved "https://registry.npm.taobao.org/create-hash/download/create-hash-1.2.0.tgz#889078af11a63756bcfb59bd221996be3a9ef196"
  integrity sha1-iJB4rxGmN1a8+1m9IhmWvjqe8ZY=
  dependencies:
    cipher-base "^1.0.1"
    inherits "^2.0.1"
    md5.js "^1.3.4"
    ripemd160 "^2.0.1"
    sha.js "^2.4.0"

create-hmac@^1.1.4:
  version "1.1.7"
  resolved "https://registry.npm.taobao.org/create-hmac/download/create-hmac-1.1.7.tgz#69170c78b3ab957147b2b8b04572e47ead2243ff"
  integrity sha1-aRcMeLOrlXFHsriwRXLkfq0iQ/8=
  dependencies:
    cipher-base "^1.0.3"
    create-hash "^1.1.0"
    inherits "^2.0.1"
    ripemd160 "^2.0.0"
    safe-buffer "^5.0.1"
    sha.js "^2.4.8"

cuint@^0.2.2:
  version "0.2.2"
  resolved "https://registry.npm.taobao.org/cuint/download/cuint-0.2.2.tgz#408086d409550c2631155619e9fa7bcadc3b991b"
  integrity sha1-QICG1AlVDCYxFVYZ6fp7ytw7mRs=

d@1, d@^1.0.1:
  version "1.0.1"
  resolved "https://registry.npm.taobao.org/d/download/d-1.0.1.tgz#8698095372d58dbee346ffd0c7093f99f8f9eb5a"
  integrity sha1-hpgJU3LVjb7jRv/Qxwk/mfj561o=
  dependencies:
    es5-ext "^0.10.50"
    type "^1.0.1"

debug@^2.2.0:
  version "2.6.9"
  resolved "https://registry.npm.taobao.org/debug/download/debug-2.6.9.tgz?cache=0&sync_timestamp=1600502824188&other_urls=https%3A%2F%2Fregistry.npm.taobao.org%2Fdebug%2Fdownload%2Fdebug-2.6.9.tgz#5d128515df134ff327e90a4c93f4e077a536341f"
  integrity sha1-XRKFFd8TT/Mn6QpMk/Tgd6U2NB8=
  dependencies:
    ms "2.0.0"

delayed-stream@~1.0.0:
  version "1.0.0"
  resolved "https://registry.npm.taobao.org/delayed-stream/download/delayed-stream-1.0.0.tgz#df3ae199acadfb7d440aaae0b29e2272b24ec619"
  integrity sha1-3zrhmayt+31ECqrgsp4icrJOxhk=

elliptic@^6.5.3:
  version "6.5.3"
  resolved "https://registry.npm.taobao.org/elliptic/download/elliptic-6.5.3.tgz#cb59eb2efdaf73a0bd78ccd7015a62ad6e0f93d6"
  integrity sha1-y1nrLv2vc6C9eMzXAVpirW4Pk9Y=
  dependencies:
    bn.js "^4.4.0"
    brorand "^1.0.1"
    hash.js "^1.0.0"
    hmac-drbg "^1.0.0"
    inherits "^2.0.1"
    minimalistic-assert "^1.0.0"
    minimalistic-crypto-utils "^1.0.0"

es5-ext@^0.10.35, es5-ext@^0.10.45, es5-ext@^0.10.46, es5-ext@^0.10.50, es5-ext@~0.10.14, es5-ext@~0.10.2, es5-ext@~0.10.46:
  version "0.10.53"
  resolved "https://registry.npm.taobao.org/es5-ext/download/es5-ext-0.10.53.tgz#93c5a3acfdbef275220ad72644ad02ee18368de1"
  integrity sha1-k8WjrP2+8nUiCtcmRK0C7hg2jeE=
  dependencies:
    es6-iterator "~2.0.3"
    es6-symbol "~3.1.3"
    next-tick "~1.0.0"

es6-iterator@^2.0.3, es6-iterator@~2.0.3:
  version "2.0.3"
  resolved "https://registry.npm.taobao.org/es6-iterator/download/es6-iterator-2.0.3.tgz#a7de889141a05a94b0854403b2d0a0fbfa98f3b7"
  integrity sha1-p96IkUGgWpSwhUQDstCg+/qY87c=
  dependencies:
    d "1"
    es5-ext "^0.10.35"
    es6-symbol "^3.1.1"

es6-symbol@^3.1.1, es6-symbol@~3.1.3:
  version "3.1.3"
  resolved "https://registry.npm.taobao.org/es6-symbol/download/es6-symbol-3.1.3.tgz#bad5d3c1bcdac28269f4cb331e431c78ac705d18"
  integrity sha1-utXTwbzawoJp9MszHkMceKxwXRg=
  dependencies:
    d "^1.0.1"
    ext "^1.1.2"

es6-weak-map@^2.0.2:
  version "2.0.3"
  resolved "https://registry.npm.taobao.org/es6-weak-map/download/es6-weak-map-2.0.3.tgz#b6da1f16cc2cc0d9be43e6bdbfc5e7dfcdf31d53"
  integrity sha1-ttofFswswNm+Q+a9v8Xn383zHVM=
  dependencies:
    d "1"
    es5-ext "^0.10.46"
    es6-iterator "^2.0.3"
    es6-symbol "^3.1.1"

es@^0.7.3:
  version "0.7.3"
  resolved "https://registry.npm.taobao.org/es/download/es-0.7.3.tgz#1e8e5e4aa06395ff1d68e2edbc2b14c6eeca1972"
  integrity sha1-Ho5eSqBjlf8daOLtvCsUxu7KGXI=
  dependencies:
    "@babel/runtime-corejs2" "^7.3.1"
    reqlib "^1.0.8"

event-emitter@^0.3.5:
  version "0.3.5"
  resolved "https://registry.npm.taobao.org/event-emitter/download/event-emitter-0.3.5.tgz#df8c69eef1647923c7157b9ce83840610b02cc39"
  integrity sha1-34xp7vFkeSPHFXuc6DhAYQsCzDk=
  dependencies:
    d "1"
    es5-ext "~0.10.14"

eventemitter3@^4.0.7:
  version "4.0.7"
  resolved "https://registry.npm.taobao.org/eventemitter3/download/eventemitter3-4.0.7.tgz?cache=0&sync_timestamp=1598517714257&other_urls=https%3A%2F%2Fregistry.npm.taobao.org%2Feventemitter3%2Fdownload%2Feventemitter3-4.0.7.tgz#2de9b68f6528d5644ef5c59526a1b4a07306169f"
  integrity sha1-Lem2j2Uo1WRO9cWVJqG0oHMGFp8=

ext@^1.1.2:
  version "1.4.0"
  resolved "https://registry.npm.taobao.org/ext/download/ext-1.4.0.tgz#89ae7a07158f79d35517882904324077e4379244"
  integrity sha1-ia56BxWPedNVF4gpBDJAd+Q3kkQ=
  dependencies:
    type "^2.0.0"

form-data@^3.0.0:
  version "3.0.0"
  resolved "https://registry.npm.taobao.org/form-data/download/form-data-3.0.0.tgz#31b7e39c85f1355b7139ee0c647cf0de7f83c682"
  integrity sha1-MbfjnIXxNVtxOe4MZHzw3n+DxoI=
  dependencies:
    asynckit "^0.4.0"
    combined-stream "^1.0.8"
    mime-types "^2.1.12"

hash-base@^3.0.0:
  version "3.1.0"
  resolved "https://registry.npm.taobao.org/hash-base/download/hash-base-3.1.0.tgz#55c381d9e06e1d2997a883b4a3fddfe7f0d3af33"
  integrity sha1-VcOB2eBuHSmXqIO0o/3f5/DTrzM=
  dependencies:
    inherits "^2.0.4"
    readable-stream "^3.6.0"
    safe-buffer "^5.2.0"

hash.js@^1.0.0, hash.js@^1.0.3:
  version "1.1.7"
  resolved "https://registry.npm.taobao.org/hash.js/download/hash.js-1.1.7.tgz#0babca538e8d4ee4a0f8988d68866537a003cf42"
  integrity sha1-C6vKU46NTuSg+JiNaIZlN6ADz0I=
  dependencies:
    inherits "^2.0.3"
    minimalistic-assert "^1.0.1"

hmac-drbg@^1.0.0:
  version "1.0.1"
  resolved "https://registry.npm.taobao.org/hmac-drbg/download/hmac-drbg-1.0.1.tgz#d2745701025a6c775a6c545793ed502fc0c649a1"
  integrity sha1-0nRXAQJabHdabFRXk+1QL8DGSaE=
  dependencies:
    hash.js "^1.0.3"
    minimalistic-assert "^1.0.0"
    minimalistic-crypto-utils "^1.0.1"

inherits@^2.0.1, inherits@^2.0.3, inherits@^2.0.4:
  version "2.0.4"
  resolved "https://registry.npm.taobao.org/inherits/download/inherits-2.0.4.tgz#0fa2c64f932917c3433a0ded55363aae37416b7c"
  integrity sha1-D6LGT5MpF8NDOg3tVTY6rjdBa3w=

ip-regex@^4.2.0:
  version "4.2.0"
  resolved "https://registry.npm.taobao.org/ip-regex/download/ip-regex-4.2.0.tgz?cache=0&sync_timestamp=1601335033273&other_urls=https%3A%2F%2Fregistry.npm.taobao.org%2Fip-regex%2Fdownload%2Fip-regex-4.2.0.tgz#a03f5eb661d9a154e3973a03de8b23dd0ad6892e"
  integrity sha1-oD9etmHZoVTjlzoD3osj3QrWiS4=

is-promise@^2.1:
  version "2.2.2"
  resolved "https://registry.npm.taobao.org/is-promise/download/is-promise-2.2.2.tgz#39ab959ccbf9a774cf079f7b40c7a26f763135f1"
  integrity sha1-OauVnMv5p3TPB597QMeib3YxNfE=

is-typedarray@^1.0.0:
  version "1.0.0"
  resolved "https://registry.npm.taobao.org/is-typedarray/download/is-typedarray-1.0.0.tgz#e479c80858df0c1b11ddda6940f96011fcda4a9a"
  integrity sha1-5HnICFjfDBsR3dppQPlgEfzaSpo=

js-sha3@^0.8.0:
  version "0.8.0"
  resolved "https://registry.npm.taobao.org/js-sha3/download/js-sha3-0.8.0.tgz#b9b7a5da73afad7dedd0f8c463954cbde6818840"
  integrity sha1-ubel2nOvrX3t0PjEY5VMveaBiEA=

lru-queue@0.1:
  version "0.1.0"
  resolved "https://registry.npm.taobao.org/lru-queue/download/lru-queue-0.1.0.tgz#2738bd9f0d3cf4f84490c5736c48699ac632cda3"
  integrity sha1-Jzi9nw089PhEkMVzbEhpmsYyzaM=
  dependencies:
    es5-ext "~0.10.2"

md5.js@^1.3.4:
  version "1.3.5"
  resolved "https://registry.npm.taobao.org/md5.js/download/md5.js-1.3.5.tgz#b5d07b8e3216e3e27cd728d72f70d1e6a342005f"
  integrity sha1-tdB7jjIW4+J81yjXL3DR5qNCAF8=
  dependencies:
    hash-base "^3.0.0"
    inherits "^2.0.1"
    safe-buffer "^5.1.2"

memoizee@^0.4.14:
  version "0.4.14"
  resolved "https://registry.npm.taobao.org/memoizee/download/memoizee-0.4.14.tgz#07a00f204699f9a95c2d9e77218271c7cd610d57"
  integrity sha1-B6APIEaZ+alcLZ53IYJxx81hDVc=
  dependencies:
    d "1"
    es5-ext "^0.10.45"
    es6-weak-map "^2.0.2"
    event-emitter "^0.3.5"
    is-promise "^2.1"
    lru-queue "0.1"
    next-tick "1"
    timers-ext "^0.1.5"

mime-db@1.44.0:
  version "1.44.0"
  resolved "https://registry.npm.taobao.org/mime-db/download/mime-db-1.44.0.tgz?cache=0&sync_timestamp=1600831145015&other_urls=https%3A%2F%2Fregistry.npm.taobao.org%2Fmime-db%2Fdownload%2Fmime-db-1.44.0.tgz#fa11c5eb0aca1334b4233cb4d52f10c5a6272f92"
  integrity sha1-+hHF6wrKEzS0Izy01S8QxaYnL5I=

mime-types@^2.1.12:
  version "2.1.27"
  resolved "https://registry.npm.taobao.org/mime-types/download/mime-types-2.1.27.tgz#47949f98e279ea53119f5722e0f34e529bec009f"
  integrity sha1-R5SfmOJ56lMRn1ci4PNOUpvsAJ8=
  dependencies:
    mime-db "1.44.0"

minimalistic-assert@^1.0.0, minimalistic-assert@^1.0.1:
  version "1.0.1"
  resolved "https://registry.npm.taobao.org/minimalistic-assert/download/minimalistic-assert-1.0.1.tgz#2e194de044626d4a10e7f7fbc00ce73e83e4d5c7"
  integrity sha1-LhlN4ERibUoQ5/f7wAznPoPk1cc=

minimalistic-crypto-utils@^1.0.0, minimalistic-crypto-utils@^1.0.1:
  version "1.0.1"
  resolved "https://registry.npm.taobao.org/minimalistic-crypto-utils/download/minimalistic-crypto-utils-1.0.1.tgz#f6c00c1c0b082246e5c4d99dfb8c7c083b2b582a"
  integrity sha1-9sAMHAsIIkblxNmd+4x8CDsrWCo=

ms@2.0.0:
  version "2.0.0"
  resolved "https://registry.npm.taobao.org/ms/download/ms-2.0.0.tgz#5608aeadfc00be6c2901df5f9861788de0d597c8"
  integrity sha1-VgiurfwAvmwpAd9fmGF4jeDVl8g=

next-tick@1:
  version "1.1.0"
  resolved "https://registry.npm.taobao.org/next-tick/download/next-tick-1.1.0.tgz#1836ee30ad56d67ef281b22bd199f709449b35eb"
  integrity sha1-GDbuMK1W1n7ygbIr0Zn3CUSbNes=

next-tick@~1.0.0:
  version "1.0.0"
  resolved "https://registry.npm.taobao.org/next-tick/download/next-tick-1.0.0.tgz#ca86d1fe8828169b0120208e3dc8424b9db8342c"
  integrity sha1-yobR/ogoFpsBICCOPchCS524NCw=

node-fetch@^2.6.1:
  version "2.6.1"
  resolved "https://registry.npm.taobao.org/node-fetch/download/node-fetch-2.6.1.tgz?cache=0&sync_timestamp=1599309206591&other_urls=https%3A%2F%2Fregistry.npm.taobao.org%2Fnode-fetch%2Fdownload%2Fnode-fetch-2.6.1.tgz#045bd323631f76ed2e2b55573394416b639a0052"
  integrity sha1-BFvTI2Mfdu0uK1VXM5RBa2OaAFI=

node-gyp-build@^4.2.0:
  version "4.2.3"
  resolved "https://registry.npm.taobao.org/node-gyp-build/download/node-gyp-build-4.2.3.tgz?cache=0&sync_timestamp=1595241892444&other_urls=https%3A%2F%2Fregistry.npm.taobao.org%2Fnode-gyp-build%2Fdownload%2Fnode-gyp-build-4.2.3.tgz#ce6277f853835f718829efb47db20f3e4d9c4739"
  integrity sha1-zmJ3+FODX3GIKe+0fbIPPk2cRzk=

pbkdf2@^3.1.1:
  version "3.1.1"
  resolved "https://registry.npm.taobao.org/pbkdf2/download/pbkdf2-3.1.1.tgz#cb8724b0fada984596856d1a6ebafd3584654b94"
  integrity sha1-y4cksPramEWWhW0abrr9NYRlS5Q=
  dependencies:
    create-hash "^1.1.2"
    create-hmac "^1.1.4"
    ripemd160 "^2.0.1"
    safe-buffer "^5.0.1"
    sha.js "^2.4.8"

readable-stream@^3.6.0:
  version "3.6.0"
  resolved "https://registry.npm.taobao.org/readable-stream/download/readable-stream-3.6.0.tgz#337bbda3adc0706bd3e024426a286d4b4b2c9198"
  integrity sha1-M3u9o63AcGvT4CRCaihtS0sskZg=
  dependencies:
    inherits "^2.0.3"
    string_decoder "^1.1.1"
    util-deprecate "^1.0.1"

regenerator-runtime@^0.13.4:
  version "0.13.7"
  resolved "https://registry.npm.taobao.org/regenerator-runtime/download/regenerator-runtime-0.13.7.tgz?cache=0&sync_timestamp=1595456367497&other_urls=https%3A%2F%2Fregistry.npm.taobao.org%2Fregenerator-runtime%2Fdownload%2Fregenerator-runtime-0.13.7.tgz#cac2dacc8a1ea675feaabaeb8ae833898ae46f55"
  integrity sha1-ysLazIoepnX+qrrriugziYrkb1U=

reqlib@^1.0.8:
  version "1.0.9"
  resolved "https://registry.npm.taobao.org/reqlib/download/reqlib-1.0.9.tgz#f7993d36412d5fadf5e38ef553b2af1d3935b835"
  integrity sha1-95k9NkEtX6314471U7KvHTk1uDU=
  dependencies:
    "@babel/runtime-corejs2" "^7.10.3"

ripemd160@^2.0.0, ripemd160@^2.0.1:
  version "2.0.2"
  resolved "https://registry.npm.taobao.org/ripemd160/download/ripemd160-2.0.2.tgz#a1c1a6f624751577ba5d07914cbc92850585890c"
  integrity sha1-ocGm9iR1FXe6XQeRTLyShQWFiQw=
  dependencies:
    hash-base "^3.0.0"
    inherits "^2.0.1"

rxjs@^6.6.3:
  version "6.6.3"
  resolved "https://registry.npm.taobao.org/rxjs/download/rxjs-6.6.3.tgz?cache=0&sync_timestamp=1602770872690&other_urls=https%3A%2F%2Fregistry.npm.taobao.org%2Frxjs%2Fdownload%2Frxjs-6.6.3.tgz#8ca84635c4daa900c0d3967a6ee7ac60271ee552"
  integrity sha1-jKhGNcTaqQDA05Z6buesYCce5VI=
  dependencies:
    tslib "^1.9.0"

safe-buffer@^5.0.1, safe-buffer@^5.1.2, safe-buffer@^5.2.0, safe-buffer@~5.2.0:
  version "5.2.1"
  resolved "https://registry.npm.taobao.org/safe-buffer/download/safe-buffer-5.2.1.tgz#1eaf9fa9bdb1fdd4ec75f58f9cdb4e6b7827eec6"
  integrity sha1-Hq+fqb2x/dTsdfWPnNtOa3gn7sY=

scryptsy@^2.1.0:
  version "2.1.0"
  resolved "https://registry.npm.taobao.org/scryptsy/download/scryptsy-2.1.0.tgz#8d1e8d0c025b58fdd25b6fa9a0dc905ee8faa790"
  integrity sha1-jR6NDAJbWP3SW2+poNyQXuj6p5A=

sha.js@^2.4.0, sha.js@^2.4.8:
  version "2.4.11"
  resolved "https://registry.npm.taobao.org/sha.js/download/sha.js-2.4.11.tgz#37a5cf0b81ecbc6943de109ba2960d1b26584ae7"
  integrity sha1-N6XPC4HsvGlD3hCbopYNGyZYSuc=
  dependencies:
    inherits "^2.0.1"
    safe-buffer "^5.0.1"

string_decoder@^1.1.1:
  version "1.3.0"
  resolved "https://registry.npm.taobao.org/string_decoder/download/string_decoder-1.3.0.tgz#42f114594a46cf1a8e30b0a84f56c78c3edac21e"
  integrity sha1-QvEUWUpGzxqOMLCoT1bHjD7awh4=
  dependencies:
    safe-buffer "~5.2.0"

timers-ext@^0.1.5:
  version "0.1.7"
  resolved "https://registry.npm.taobao.org/timers-ext/download/timers-ext-0.1.7.tgz#6f57ad8578e07a3fb9f91d9387d65647555e25c6"
  integrity sha1-b1ethXjgej+5+R2Th9ZWR1VeJcY=
  dependencies:
    es5-ext "~0.10.46"
    next-tick "1"

tslib@^1.9.0:
  version "1.14.1"
  resolved "https://registry.npm.taobao.org/tslib/download/tslib-1.14.1.tgz?cache=0&sync_timestamp=1602286603545&other_urls=https%3A%2F%2Fregistry.npm.taobao.org%2Ftslib%2Fdownload%2Ftslib-1.14.1.tgz#cf2d38bdc34a134bcaf1091c41f6619e2f672d00"
  integrity sha1-zy04vcNKE0vK8QkcQfZhni9nLQA=

tweetnacl@^1.0.3:
  version "1.0.3"
  resolved "https://registry.npm.taobao.org/tweetnacl/download/tweetnacl-1.0.3.tgz#ac0af71680458d8a6378d0d0d050ab1407d35596"
  integrity sha1-rAr3FoBFjYpjeNDQ0FCrFAfTVZY=

type@^1.0.1:
  version "1.2.0"
  resolved "https://registry.npm.taobao.org/type/download/type-1.2.0.tgz?cache=0&sync_timestamp=1598016683186&other_urls=https%3A%2F%2Fregistry.npm.taobao.org%2Ftype%2Fdownload%2Ftype-1.2.0.tgz#848dd7698dafa3e54a6c479e759c4bc3f18847a0"
  integrity sha1-hI3XaY2vo+VKbEeedZxLw/GIR6A=

type@^2.0.0:
  version "2.1.0"
  resolved "https://registry.npm.taobao.org/type/download/type-2.1.0.tgz?cache=0&sync_timestamp=1598016683186&other_urls=https%3A%2F%2Fregistry.npm.taobao.org%2Ftype%2Fdownload%2Ftype-2.1.0.tgz#9bdc22c648cf8cf86dd23d32336a41cfb6475e3f"
  integrity sha1-m9wixkjPjPht0j0yM2pBz7ZHXj8=

typedarray-to-buffer@^3.1.5:
  version "3.1.5"
  resolved "https://registry.npm.taobao.org/typedarray-to-buffer/download/typedarray-to-buffer-3.1.5.tgz#a97ee7a9ff42691b9f783ff1bc5112fe3fca9080"
  integrity sha1-qX7nqf9CaRufeD/xvFES/j/KkIA=
  dependencies:
    is-typedarray "^1.0.0"

utf-8-validate@^5.0.2:
  version "5.0.3"
  resolved "https://registry.npm.taobao.org/utf-8-validate/download/utf-8-validate-5.0.3.tgz#3b64e418ad2ff829809025fdfef595eab2f03a27"
  integrity sha1-O2TkGK0v+CmAkCX9/vWV6rLwOic=
  dependencies:
    node-gyp-build "^4.2.0"

util-deprecate@^1.0.1:
  version "1.0.2"
  resolved "https://registry.npm.taobao.org/util-deprecate/download/util-deprecate-1.0.2.tgz#450d4dc9fa70de732762fbd2d4a28981419a0ccf"
  integrity sha1-RQ1Nyfpw3nMnYvvS1KKJgUGaDM8=

websocket@^1.0.32:
  version "1.0.32"
  resolved "https://registry.npm.taobao.org/websocket/download/websocket-1.0.32.tgz#1f16ddab3a21a2d929dec1687ab21cfdc6d3dbb1"
  integrity sha1-Hxbdqzohotkp3sFoerIc/cbT27E=
  dependencies:
    bufferutil "^4.0.1"
    debug "^2.2.0"
    es5-ext "^0.10.50"
    typedarray-to-buffer "^3.1.5"
    utf-8-validate "^5.0.2"
    yaeti "^0.0.6"

xxhashjs@^0.2.2:
  version "0.2.2"
  resolved "https://registry.npm.taobao.org/xxhashjs/download/xxhashjs-0.2.2.tgz#8a6251567621a1c46a5ae204da0249c7f8caa9d8"
  integrity sha1-imJRVnYhocRqWuIE2gJJx/jKqdg=
  dependencies:
    cuint "^0.2.2"

yaeti@^0.0.6:
  version "0.0.6"
  resolved "https://registry.npm.taobao.org/yaeti/download/yaeti-0.0.6.tgz#f26f484d72684cf42bedfb76970aa1608fbf9577"
  integrity sha1-8m9ITXJoTPQr7ft2lwqhYI+/lXc=
